
Microsoft Visual Studio Solution File, Format Version 12.00
# Visual Studio 14
VisualStudioVersion = 14.0.24720.0
MinimumVisualStudioVersion = 10.0.40219.1
Project("{FAE04EC0-301F-11D3-BF4B-00C04F79EFBC}") = "Blowfish", "Blowfish.csproj", "{25BE5A90-8349-477A-B7A9-AD802D15184C}"
EndProject
Project("{FAE04EC0-301F-11D3-BF4B-00C04F79EFBC}") = "Blowfish_Test", "..\Blowfish_Test\Blowfish_Test.csproj", "{36F2ECDE-F402-4CA4-A52E-0ACBD6A4BC66}"
EndProject
Project("{FAE04EC0-301F-11D3-BF4B-00C04F79EFBC}") = "Blowfish_Console", "Blowfish_Console\Blowfish_Console.csproj", "{8286E613-5FF2-4796-AD5D-07709C053367}"
EndProject
Global
	GlobalSection(SolutionConfigurationPlatforms) = preSolution
		Debug|Any CPU = Debug|Any CPU
		Release|Any CPU = Release|Any CPU
	EndGlobalSection
	GlobalSection(ProjectConfigurationPlatforms) = postSolution
		{25BE5A90-8349-477A-B7A9-AD802D15184C}.Debug|Any CPU.ActiveCfg = Debug|Any CPU
		{25BE5A90-8349-477A-B7A9-AD802D15184C}.Debug|Any CPU.Build.0 = Debug|Any CPU
		{25BE5A90-8349-477A-B7A9-AD802D15184C}.Release|Any CPU.ActiveCfg = Release|Any CPU
		{25BE5A90-8349-477A-B7A9-AD802D15184C}.Release|Any CPU.Build.0 = Release|Any CPU
		{36F2ECDE-F402-4CA4-A52E-0ACBD6A4BC66}.Debug|Any CPU.ActiveCfg = Debug|Any CPU
		{36F2ECDE-F402-4CA4-A52E-0ACBD6A4BC66}.Debug|Any CPU.Build.0 = Debug|Any CPU
		{36F2ECDE-F402-4CA4-A52E-0ACBD6A4BC66}.Release|Any CPU.ActiveCfg = Release|Any CPU
		{36F2ECDE-F402-4CA4-A52E-0ACBD6A4BC66}.Release|Any CPU.Build.0 = Release|Any CPU
		{8286E613-5FF2-4796-AD5D-07709C053367}.Debug|Any CPU.ActiveCfg = Debug|Any CPU
		{8286E613-5FF2-4796-AD5D-07709C053367}.Debug|Any CPU.Build.0 = Debug|Any CPU
		{8286E613-5FF2-4796-AD5D-07709C053367}.Release|Any CPU.ActiveCfg = Release|Any CPU
		{8286E613-5FF2-4796-AD5D-07709C053367}.Release|Any CPU.Build.0 = Release|Any CPU
	EndGlobalSection
	GlobalSection(SolutionProperties) = preSolution
		HideSolutionNode = FALSE
	EndGlobalSection
EndGlobal
